{
  "name": "Stock Quotes TypeScript - Azure Client",
  "version": "1.0.0",
  "lockfileVersion": 3,
  "requires": true,
  "packages": {
    "": {
      "name": "Stock Quotes TypeScript - Azure Client",
      "version": "1.0.0",
      "license": "ISC",
      "dependencies": {
        "superstruct": "^1.0.3"
      }
    },
    "node_modules/superstruct": {
      "version": "1.0.3",
      "resolved": "https://registry.npmjs.org/superstruct/-/superstruct-1.0.3.tgz",
      "integrity": "sha512-8iTn3oSS8nRGn+C2pgXSKPI3jmpm6FExNazNpjvqS6ZUJQCej3PUXEKM8NjHBOs54ExM+LPW/FBRhymrdcCiSg==",
      "engines": {
        "node": ">=14.0.0"
      }
    }
  }
}
